{
  "version": 4,
  "terraform_version": "1.7.3",
  "serial": 10,
  "lineage": "42f09198-9cf3-368b-f191-7d15f0877c95",
  "outputs": {},
  "resources": [
    {
      "mode": "data",
      "type": "aws_s3_object",
      "name": "user_data",
      "provider": "provider[\"registry.terraform.io/hashicorp/aws\"]",
      "instances": [
        {
          "schema_version": 0,
          "attributes": {
            "arn": "arn:aws:s3:::install-scripts1/cron_kill.sh",
            "body": "#!/bin/bash\nprocess=user_access_sync.sh\npid=$(pgrep -f $process )\necho $pid\nsleep 30\nsudo kill -9 $pid\n",
            "bucket": "install-scripts1",
            "bucket_key_enabled": false,
            "cache_control": "",
            "checksum_crc32": "",
            "checksum_crc32c": "",
            "checksum_mode": null,
            "checksum_sha1": "",
            "checksum_sha256": "",
            "content_disposition": "",
            "content_encoding": "",
            "content_language": "",
            "content_length": 103,
            "content_type": "text/x-sh",
            "etag": "051e5b1d56c639f1ce282226e7f7812e",
            "expiration": "",
            "expires": "",
            "id": "install-scripts1/cron_kill.sh",
            "key": "cron_kill.sh",
            "last_modified": "Sat, 29 Jul 2023 07:48:21 UTC",
            "metadata": {},
            "object_lock_legal_hold_status": "",
            "object_lock_mode": "",
            "object_lock_retain_until_date": "",
            "range": null,
            "server_side_encryption": "AES256",
            "sse_kms_key_id": "",
            "storage_class": "STANDARD",
            "tags": {},
            "version_id": "",
            "website_redirect_location": ""
          },
          "sensitive_attributes": []
        }
      ]
    },
    {
      "mode": "managed",
      "type": "aws_instance",
      "name": "terraform_saample",
      "provider": "provider[\"registry.terraform.io/hashicorp/aws\"]",
      "instances": [
        {
          "index_key": 0,
          "schema_version": 1,
          "attributes": {
            "ami": "ami-0453ec754f44f9a4a",
            "arn": "arn:aws:ec2:us-east-1:958582062614:instance/i-0ad2102958ee24b77",
            "associate_public_ip_address": true,
            "availability_zone": "us-east-1f",
            "capacity_reservation_specification": [
              {
                "capacity_reservation_preference": "open",
                "capacity_reservation_target": []
              }
            ],
            "cpu_core_count": 1,
            "cpu_options": [
              {
                "amd_sev_snp": "",
                "core_count": 1,
                "threads_per_core": 1
              }
            ],
            "cpu_threads_per_core": 1,
            "credit_specification": [
              {
                "cpu_credits": "standard"
              }
            ],
            "disable_api_stop": false,
            "disable_api_termination": false,
            "ebs_block_device": [],
            "ebs_optimized": false,
            "enclave_options": [
              {
                "enabled": false
              }
            ],
            "ephemeral_block_device": [],
            "get_password_data": false,
            "hibernation": false,
            "host_id": "",
            "host_resource_group_arn": null,
            "iam_instance_profile": "allows3",
            "id": "i-0ad2102958ee24b77",
            "instance_initiated_shutdown_behavior": "stop",
            "instance_lifecycle": "",
            "instance_market_options": [],
            "instance_state": "running",
            "instance_type": "t2.micro",
            "ipv6_address_count": 0,
            "ipv6_addresses": [],
            "key_name": "test-vir",
            "launch_template": [],
            "maintenance_options": [
              {
                "auto_recovery": "default"
              }
            ],
            "metadata_options": [
              {
                "http_endpoint": "enabled",
                "http_protocol_ipv6": "disabled",
                "http_put_response_hop_limit": 2,
                "http_tokens": "required",
                "instance_metadata_tags": "disabled"
              }
            ],
            "monitoring": false,
            "network_interface": [],
            "outpost_arn": "",
            "password_data": "",
            "placement_group": "",
            "placement_partition_number": 0,
            "primary_network_interface_id": "eni-01cad211e10363919",
            "private_dns": "ip-172-31-78-14.ec2.internal",
            "private_dns_name_options": [
              {
                "enable_resource_name_dns_a_record": false,
                "enable_resource_name_dns_aaaa_record": false,
                "hostname_type": "ip-name"
              }
            ],
            "private_ip": "172.31.78.14",
            "public_dns": "ec2-3-237-7-243.compute-1.amazonaws.com",
            "public_ip": "3.237.7.243",
            "root_block_device": [
              {
                "delete_on_termination": true,
                "device_name": "/dev/xvda",
                "encrypted": false,
                "iops": 150,
                "kms_key_id": "",
                "tags": null,
                "tags_all": {},
                "throughput": 0,
                "volume_id": "vol-08bebcfb5321dcc86",
                "volume_size": 50,
                "volume_type": "gp2"
              }
            ],
            "secondary_private_ips": [],
            "security_groups": [
              "default"
            ],
            "source_dest_check": true,
            "spot_instance_request_id": "",
            "subnet_id": "subnet-003fd9896f3147027",
            "tags": {
              "Environment": "DEV",
              "Managed": "IAC",
              "Name": "SERVER01",
              "OS": "AL2"
            },
            "tags_all": {
              "Environment": "DEV",
              "Managed": "IAC",
              "Name": "SERVER01",
              "OS": "AL2"
            },
            "tenancy": "default",
            "timeouts": null,
            "user_data": "b1ac82434a33641a3898beeaad53fb84837f7187",
            "user_data_base64": null,
            "user_data_replace_on_change": false,
            "volume_tags": null,
            "vpc_security_group_ids": [
              "sg-041e18817f5cc6811"
            ]
          },
          "sensitive_attributes": [],
          "private": "eyJlMmJmYjczMC1lY2FhLTExZTYtOGY4OC0zNDM2M2JjN2M0YzAiOnsiY3JlYXRlIjo2MDAwMDAwMDAwMDAsImRlbGV0ZSI6MTIwMDAwMDAwMDAwMCwicmVhZCI6OTAwMDAwMDAwMDAwLCJ1cGRhdGUiOjYwMDAwMDAwMDAwMH0sInNjaGVtYV92ZXJzaW9uIjoiMSJ9",
          "dependencies": [
            "data.aws_s3_object.user_data"
          ]
        }
      ]
    },
    {
      "mode": "managed",
      "type": "aws_security_group_rule",
      "name": "ingress_rules",
      "provider": "provider[\"registry.terraform.io/hashicorp/aws\"]",
      "instances": [
        {
          "index_key": 0,
          "schema_version": 2,
          "attributes": {
            "cidr_blocks": [
              "0.0.0.0/0"
            ],
            "description": "opens all ports for incoming",
            "from_port": 0,
            "id": "sgrule-1296019901",
            "ipv6_cidr_blocks": null,
            "prefix_list_ids": null,
            "protocol": "tcp",
            "security_group_id": "sg-041e18817f5cc6811",
            "security_group_rule_id": "sgr-0db8a6698a0451ef9",
            "self": false,
            "source_security_group_id": null,
            "timeouts": null,
            "to_port": 65535,
            "type": "ingress"
          },
          "sensitive_attributes": [],
          "private": "eyJlMmJmYjczMC1lY2FhLTExZTYtOGY4OC0zNDM2M2JjN2M0YzAiOnsiY3JlYXRlIjozMDAwMDAwMDAwMDB9LCJzY2hlbWFfdmVyc2lvbiI6IjIifQ=="
        },
        {
          "index_key": 1,
          "schema_version": 2,
          "attributes": {
            "cidr_blocks": [
              "0.0.0.0/0"
            ],
            "description": "",
            "from_port": 0,
            "id": "sgrule-871387941",
            "ipv6_cidr_blocks": null,
            "prefix_list_ids": null,
            "protocol": "udp",
            "security_group_id": "sg-041e18817f5cc6811",
            "security_group_rule_id": "sgr-02cfc37db9ba4ea2f",
            "self": false,
            "source_security_group_id": null,
            "timeouts": null,
            "to_port": 65535,
            "type": "ingress"
          },
          "sensitive_attributes": [],
          "private": "eyJlMmJmYjczMC1lY2FhLTExZTYtOGY4OC0zNDM2M2JjN2M0YzAiOnsiY3JlYXRlIjozMDAwMDAwMDAwMDB9LCJzY2hlbWFfdmVyc2lvbiI6IjIifQ=="
        },
        {
          "index_key": 2,
          "schema_version": 2,
          "attributes": {
            "cidr_blocks": [
              "0.0.0.0/0"
            ],
            "description": "test",
            "from_port": 8080,
            "id": "sgrule-1963300031",
            "ipv6_cidr_blocks": null,
            "prefix_list_ids": null,
            "protocol": "tcp",
            "security_group_id": "sg-041e18817f5cc6811",
            "security_group_rule_id": "sgr-076bfbffd439157b0",
            "self": false,
            "source_security_group_id": null,
            "timeouts": null,
            "to_port": 8080,
            "type": "ingress"
          },
          "sensitive_attributes": [],
          "private": "eyJlMmJmYjczMC1lY2FhLTExZTYtOGY4OC0zNDM2M2JjN2M0YzAiOnsiY3JlYXRlIjozMDAwMDAwMDAwMDB9LCJzY2hlbWFfdmVyc2lvbiI6IjIifQ=="
        },
        {
          "index_key": 3,
          "schema_version": 2,
          "attributes": {
            "cidr_blocks": [
              "0.0.0.0/0"
            ],
            "description": "test",
            "from_port": 23,
            "id": "sgrule-494709908",
            "ipv6_cidr_blocks": null,
            "prefix_list_ids": null,
            "protocol": "tcp",
            "security_group_id": "sg-041e18817f5cc6811",
            "security_group_rule_id": "sgr-003c4d5f2ba91c17b",
            "self": false,
            "source_security_group_id": null,
            "timeouts": null,
            "to_port": 23,
            "type": "ingress"
          },
          "sensitive_attributes": [],
          "private": "eyJlMmJmYjczMC1lY2FhLTExZTYtOGY4OC0zNDM2M2JjN2M0YzAiOnsiY3JlYXRlIjozMDAwMDAwMDAwMDB9LCJzY2hlbWFfdmVyc2lvbiI6IjIifQ=="
        },
        {
          "index_key": 4,
          "schema_version": 2,
          "attributes": {
            "cidr_blocks": [
              "0.0.0.0/0"
            ],
            "description": "test",
            "from_port": 443,
            "id": "sgrule-1679581662",
            "ipv6_cidr_blocks": null,
            "prefix_list_ids": null,
            "protocol": "tcp",
            "security_group_id": "sg-041e18817f5cc6811",
            "security_group_rule_id": "sgr-0c1d97bf2eed620c8",
            "self": false,
            "source_security_group_id": null,
            "timeouts": null,
            "to_port": 443,
            "type": "ingress"
          },
          "sensitive_attributes": [],
          "private": "eyJlMmJmYjczMC1lY2FhLTExZTYtOGY4OC0zNDM2M2JjN2M0YzAiOnsiY3JlYXRlIjozMDAwMDAwMDAwMDB9LCJzY2hlbWFfdmVyc2lvbiI6IjIifQ=="
        },
        {
          "index_key": 5,
          "schema_version": 2,
          "attributes": {
            "cidr_blocks": [
              "0.0.0.0/0"
            ],
            "description": "test",
            "from_port": 80,
            "id": "sgrule-1147113287",
            "ipv6_cidr_blocks": null,
            "prefix_list_ids": null,
            "protocol": "tcp",
            "security_group_id": "sg-041e18817f5cc6811",
            "security_group_rule_id": "sgr-09fee5948c3fba9c2",
            "self": false,
            "source_security_group_id": null,
            "timeouts": null,
            "to_port": 80,
            "type": "ingress"
          },
          "sensitive_attributes": [],
          "private": "eyJlMmJmYjczMC1lY2FhLTExZTYtOGY4OC0zNDM2M2JjN2M0YzAiOnsiY3JlYXRlIjozMDAwMDAwMDAwMDB9LCJzY2hlbWFfdmVyc2lvbiI6IjIifQ=="
        }
      ]
    }
  ],
  "check_results": null
}
